
Microsoft Visual Studio Solution File, Format Version 12.00
# Visual Studio Version 16
VisualStudioVersion = 16.0.30114.105
MinimumVisualStudioVersion = 10.0.40219.1
Project("{FAE04EC0-301F-11D3-BF4B-00C04F79EFBC}") = "AspNet-Core-WebAPI-Angular7-CRUD", "AspNet-Core-WebAPI-Angular7-CRUD.csproj", "{0F4C914C-9AD5-45D0-BD43-B082D1B6CFA2}"
EndProject
Global
	GlobalSection(SolutionConfigurationPlatforms) = preSolution
		Debug|Any CPU = Debug|Any CPU
		Release|Any CPU = Release|Any CPU
	EndGlobalSection
	GlobalSection(ProjectConfigurationPlatforms) = postSolution
		{0F4C914C-9AD5-45D0-BD43-B082D1B6CFA2}.Debug|Any CPU.ActiveCfg = Debug|Any CPU
		{0F4C914C-9AD5-45D0-BD43-B082D1B6CFA2}.Debug|Any CPU.Build.0 = Debug|Any CPU
		{0F4C914C-9AD5-45D0-BD43-B082D1B6CFA2}.Release|Any CPU.ActiveCfg = Release|Any CPU
		{0F4C914C-9AD5-45D0-BD43-B082D1B6CFA2}.Release|Any CPU.Build.0 = Release|Any CPU
	EndGlobalSection
	GlobalSection(SolutionProperties) = preSolution
		HideSolutionNode = FALSE
	EndGlobalSection
	GlobalSection(ExtensibilityGlobals) = postSolution
		SolutionGuid = {0229FF00-2AB1-485B-A0A5-CE655AC863CB}
	EndGlobalSection
EndGlobal
